
Microsoft Visual Studio Solution File, Format Version 12.00
# Visual Studio Version 16
VisualStudioVersion = 16.0.32228.343
MinimumVisualStudioVersion = 10.0.40219.1
Project("{FAE04EC0-301F-11D3-BF4B-00C04F79EFBC}") = "WheelRailway_Queue", "WheelRailway_Queue\WheelRailway_Queue.csproj", "{4CD0A357-C2B7-4960-A8FC-1241E76D7732}"
EndProject
Project("{2150E333-8FDC-42A3-9474-1A3956D46DE8}") = "Solution Items", "Solution Items", "{F185EF19-E50E-4EC8-A6C3-746B995B934C}"
EndProject
Global
	GlobalSection(SolutionConfigurationPlatforms) = preSolution
		Debug|Any CPU = Debug|Any CPU
		Release|Any CPU = Release|Any CPU
	EndGlobalSection
	GlobalSection(ProjectConfigurationPlatforms) = postSolution
		{4CD0A357-C2B7-4960-A8FC-1241E76D7732}.Debug|Any CPU.ActiveCfg = Debug|Any CPU
		{4CD0A357-C2B7-4960-A8FC-1241E76D7732}.Debug|Any CPU.Build.0 = Debug|Any CPU
		{4CD0A357-C2B7-4960-A8FC-1241E76D7732}.Release|Any CPU.ActiveCfg = Release|Any CPU
		{4CD0A357-C2B7-4960-A8FC-1241E76D7732}.Release|Any CPU.Build.0 = Release|Any CPU
	EndGlobalSection
	GlobalSection(SolutionProperties) = preSolution
		HideSolutionNode = FALSE
	EndGlobalSection
	GlobalSection(ExtensibilityGlobals) = postSolution
		SolutionGuid = {82BAD75F-233A-4495-8816-028B56D05337}
	EndGlobalSection
EndGlobal
